{
  "name": "Claude",
  "lockfileVersion": 3,
  "requires": true,
  "packages": {
    "": {
      "dependencies": {
        "ccusage": "^0.6.0"
      }
    },
    "node_modules/ccusage": {
      "version": "0.6.0",
      "resolved": "https://registry.npmjs.org/ccusage/-/ccusage-0.6.0.tgz",
      "integrity": "sha512-6gr0ZGsHLjMS0QxdqvgUc8A5vkVRx/VVGRAJb4XZpqZHflNnRnYWDTUOMwi2fv1UqVBD3fVWsea1wWG5YN/f4Q==",
      "bin": {
        "ccusage": "dist/index.js"
      },
      "funding": {
        "url": "https://github.com/ryoppippi/ccusage?sponsor=1"
      }
    }
  }
}
